
Microsoft Visual Studio Solution File, Format Version 12.00
# Visual Studio 15
VisualStudioVersion = 15.0.28307.421
MinimumVisualStudioVersion = 10.0.40219.1
Project("{FAE04EC0-301F-11D3-BF4B-00C04F79EFBC}") = "CslaFastStart", "CslaFastStart\CslaFastStart.csproj", "{8D5513B3-A5F2-477A-B64F-314D6CAABD10}"
EndProject
Project("{FAE04EC0-301F-11D3-BF4B-00C04F79EFBC}") = "BusinessLayer", "BusinessLayer\BusinessLayer.csproj", "{19DD3F56-1EEC-42A9-B57F-10D8EB28D1AD}"
EndProject
Project("{FAE04EC0-301F-11D3-BF4B-00C04F79EFBC}") = "DataAccessLayer", "DataAccessLayer\DataAccessLayer.csproj", "{FB9A9484-505D-4A83-8003-85F718B9B7D6}"
EndProject
Global
	GlobalSection(SolutionConfigurationPlatforms) = preSolution
		Debug|Any CPU = Debug|Any CPU
		Debug|ARM = Debug|ARM
		Debug|ARM64 = Debug|ARM64
		Debug|x64 = Debug|x64
		Debug|x86 = Debug|x86
		Release|Any CPU = Release|Any CPU
		Release|ARM = Release|ARM
		Release|ARM64 = Release|ARM64
		Release|x64 = Release|x64
		Release|x86 = Release|x86
	EndGlobalSection
	GlobalSection(ProjectConfigurationPlatforms) = postSolution
		{8D5513B3-A5F2-477A-B64F-314D6CAABD10}.Debug|Any CPU.ActiveCfg = Debug|Any CPU
		{8D5513B3-A5F2-477A-B64F-314D6CAABD10}.Debug|Any CPU.Build.0 = Debug|Any CPU
		{8D5513B3-A5F2-477A-B64F-314D6CAABD10}.Debug|ARM.ActiveCfg = Debug|Any CPU
		{8D5513B3-A5F2-477A-B64F-314D6CAABD10}.Debug|ARM.Build.0 = Debug|Any CPU
		{8D5513B3-A5F2-477A-B64F-314D6CAABD10}.Debug|ARM64.ActiveCfg = Debug|Any CPU
		{8D5513B3-A5F2-477A-B64F-314D6CAABD10}.Debug|ARM64.Build.0 = Debug|Any CPU
		{8D5513B3-A5F2-477A-B64F-314D6CAABD10}.Debug|x64.ActiveCfg = Debug|Any CPU
		{8D5513B3-A5F2-477A-B64F-314D6CAABD10}.Debug|x64.Build.0 = Debug|Any CPU
		{8D5513B3-A5F2-477A-B64F-314D6CAABD10}.Debug|x86.ActiveCfg = Debug|Any CPU
		{8D5513B3-A5F2-477A-B64F-314D6CAABD10}.Debug|x86.Build.0 = Debug|Any CPU
		{8D5513B3-A5F2-477A-B64F-314D6CAABD10}.Release|Any CPU.ActiveCfg = Release|Any CPU
		{8D5513B3-A5F2-477A-B64F-314D6CAABD10}.Release|Any CPU.Build.0 = Release|Any CPU
		{8D5513B3-A5F2-477A-B64F-314D6CAABD10}.Release|ARM.ActiveCfg = Release|Any CPU
		{8D5513B3-A5F2-477A-B64F-314D6CAABD10}.Release|ARM.Build.0 = Release|Any CPU
		{8D5513B3-A5F2-477A-B64F-314D6CAABD10}.Release|ARM64.ActiveCfg = Release|Any CPU
		{8D5513B3-A5F2-477A-B64F-314D6CAABD10}.Release|ARM64.Build.0 = Release|Any CPU
		{8D5513B3-A5F2-477A-B64F-314D6CAABD10}.Release|x64.ActiveCfg = Release|Any CPU
		{8D5513B3-A5F2-477A-B64F-314D6CAABD10}.Release|x64.Build.0 = Release|Any CPU
		{8D5513B3-A5F2-477A-B64F-314D6CAABD10}.Release|x86.ActiveCfg = Release|Any CPU
		{8D5513B3-A5F2-477A-B64F-314D6CAABD10}.Release|x86.Build.0 = Release|Any CPU
		{19DD3F56-1EEC-42A9-B57F-10D8EB28D1AD}.Debug|Any CPU.ActiveCfg = Debug|Any CPU
		{19DD3F56-1EEC-42A9-B57F-10D8EB28D1AD}.Debug|Any CPU.Build.0 = Debug|Any CPU
		{19DD3F56-1EEC-42A9-B57F-10D8EB28D1AD}.Debug|ARM.ActiveCfg = Debug|Any CPU
		{19DD3F56-1EEC-42A9-B57F-10D8EB28D1AD}.Debug|ARM.Build.0 = Debug|Any CPU
		{19DD3F56-1EEC-42A9-B57F-10D8EB28D1AD}.Debug|ARM64.ActiveCfg = Debug|Any CPU
		{19DD3F56-1EEC-42A9-B57F-10D8EB28D1AD}.Debug|ARM64.Build.0 = Debug|Any CPU
		{19DD3F56-1EEC-42A9-B57F-10D8EB28D1AD}.Debug|x64.ActiveCfg = Debug|Any CPU
		{19DD3F56-1EEC-42A9-B57F-10D8EB28D1AD}.Debug|x64.Build.0 = Debug|Any CPU
		{19DD3F56-1EEC-42A9-B57F-10D8EB28D1AD}.Debug|x86.ActiveCfg = Debug|Any CPU
		{19DD3F56-1EEC-42A9-B57F-10D8EB28D1AD}.Debug|x86.Build.0 = Debug|Any CPU
		{19DD3F56-1EEC-42A9-B57F-10D8EB28D1AD}.Release|Any CPU.ActiveCfg = Release|Any CPU
		{19DD3F56-1EEC-42A9-B57F-10D8EB28D1AD}.Release|Any CPU.Build.0 = Release|Any CPU
		{19DD3F56-1EEC-42A9-B57F-10D8EB28D1AD}.Release|ARM.ActiveCfg = Release|Any CPU
		{19DD3F56-1EEC-42A9-B57F-10D8EB28D1AD}.Release|ARM.Build.0 = Release|Any CPU
		{19DD3F56-1EEC-42A9-B57F-10D8EB28D1AD}.Release|ARM64.ActiveCfg = Release|Any CPU
		{19DD3F56-1EEC-42A9-B57F-10D8EB28D1AD}.Release|ARM64.Build.0 = Release|Any CPU
		{19DD3F56-1EEC-42A9-B57F-10D8EB28D1AD}.Release|x64.ActiveCfg = Release|Any CPU
		{19DD3F56-1EEC-42A9-B57F-10D8EB28D1AD}.Release|x64.Build.0 = Release|Any CPU
		{19DD3F56-1EEC-42A9-B57F-10D8EB28D1AD}.Release|x86.ActiveCfg = Release|Any CPU
		{19DD3F56-1EEC-42A9-B57F-10D8EB28D1AD}.Release|x86.Build.0 = Release|Any CPU
		{FB9A9484-505D-4A83-8003-85F718B9B7D6}.Debug|Any CPU.ActiveCfg = Debug|Any CPU
		{FB9A9484-505D-4A83-8003-85F718B9B7D6}.Debug|Any CPU.Build.0 = Debug|Any CPU
		{FB9A9484-505D-4A83-8003-85F718B9B7D6}.Debug|ARM.ActiveCfg = Debug|Any CPU
		{FB9A9484-505D-4A83-8003-85F718B9B7D6}.Debug|ARM.Build.0 = Debug|Any CPU
		{FB9A9484-505D-4A83-8003-85F718B9B7D6}.Debug|ARM64.ActiveCfg = Debug|Any CPU
		{FB9A9484-505D-4A83-8003-85F718B9B7D6}.Debug|ARM64.Build.0 = Debug|Any CPU
		{FB9A9484-505D-4A83-8003-85F718B9B7D6}.Debug|x64.ActiveCfg = Debug|Any CPU
		{FB9A9484-505D-4A83-8003-85F718B9B7D6}.Debug|x64.Build.0 = Debug|Any CPU
		{FB9A9484-505D-4A83-8003-85F718B9B7D6}.Debug|x86.ActiveCfg = Debug|Any CPU
		{FB9A9484-505D-4A83-8003-85F718B9B7D6}.Debug|x86.Build.0 = Debug|Any CPU
		{FB9A9484-505D-4A83-8003-85F718B9B7D6}.Release|Any CPU.ActiveCfg = Release|Any CPU
		{FB9A9484-505D-4A83-8003-85F718B9B7D6}.Release|Any CPU.Build.0 = Release|Any CPU
		{FB9A9484-505D-4A83-8003-85F718B9B7D6}.Release|ARM.ActiveCfg = Release|Any CPU
		{FB9A9484-505D-4A83-8003-85F718B9B7D6}.Release|ARM.Build.0 = Release|Any CPU
		{FB9A9484-505D-4A83-8003-85F718B9B7D6}.Release|ARM64.ActiveCfg = Release|Any CPU
		{FB9A9484-505D-4A83-8003-85F718B9B7D6}.Release|ARM64.Build.0 = Release|Any CPU
		{FB9A9484-505D-4A83-8003-85F718B9B7D6}.Release|x64.ActiveCfg = Release|Any CPU
		{FB9A9484-505D-4A83-8003-85F718B9B7D6}.Release|x64.Build.0 = Release|Any CPU
		{FB9A9484-505D-4A83-8003-85F718B9B7D6}.Release|x86.ActiveCfg = Release|Any CPU
		{FB9A9484-505D-4A83-8003-85F718B9B7D6}.Release|x86.Build.0 = Release|Any CPU
	EndGlobalSection
	GlobalSection(SolutionProperties) = preSolution
		HideSolutionNode = FALSE
	EndGlobalSection
	GlobalSection(ExtensibilityGlobals) = postSolution
		SolutionGuid = {2F2A924E-E222-4FBC-BB3F-DAA8D7455236}
	EndGlobalSection
EndGlobal
